
Microsoft Visual Studio Solution File, Format Version 12.00
# Visual Studio Version 17
VisualStudioVersion = 17.9.34607.119
MinimumVisualStudioVersion = 10.0.40219.1
Project("{778DAE3C-4631-46EA-AA77-85C1314464D9}") = "WMAssetDesktop", "WMAssetDesktop\WMAssetDesktop.vbproj", "{63E44463-C3AA-4967-98C6-314E84261CAE}"
EndProject
Project("{2150E333-8FDC-42A3-9474-1A3956D46DE8}") = "Solution Items", "Solution Items", "{ED39C5D5-8818-413F-A3A7-8ACEC368D77B}"
	ProjectSection(SolutionItems) = preProject
		.editorconfig = .editorconfig
	EndProjectSection
EndProject
Project("{54435603-DBB4-11D2-8724-00A0C9A8B90C}") = "WMDesktopInstall", "WMDesktopInstall\WMDesktopInstall.vdproj", "{81C797BD-FDA2-4626-B915-AE71420A6C2E}"
EndProject
Global
	GlobalSection(SolutionConfigurationPlatforms) = preSolution
		Debug|Any CPU = Debug|Any CPU
		Debug|x64 = Debug|x64
		Debug|x86 = Debug|x86
		Release|Any CPU = Release|Any CPU
		Release|x64 = Release|x64
		Release|x86 = Release|x86
		x63|Any CPU = x63|Any CPU
		x63|x64 = x63|x64
		x63|x86 = x63|x86
		x64|Any CPU = x64|Any CPU
		x64|x64 = x64|x64
		x64|x86 = x64|x86
	EndGlobalSection
	GlobalSection(ProjectConfigurationPlatforms) = postSolution
		{63E44463-C3AA-4967-98C6-314E84261CAE}.Debug|Any CPU.ActiveCfg = Release|x64
		{63E44463-C3AA-4967-98C6-314E84261CAE}.Debug|Any CPU.Build.0 = Release|x64
		{63E44463-C3AA-4967-98C6-314E84261CAE}.Debug|x64.ActiveCfg = Release|Any CPU
		{63E44463-C3AA-4967-98C6-314E84261CAE}.Debug|x64.Build.0 = Release|Any CPU
		{63E44463-C3AA-4967-98C6-314E84261CAE}.Debug|x86.ActiveCfg = Debug|x86
		{63E44463-C3AA-4967-98C6-314E84261CAE}.Debug|x86.Build.0 = Debug|x86
		{63E44463-C3AA-4967-98C6-314E84261CAE}.Release|Any CPU.ActiveCfg = Release|x64
		{63E44463-C3AA-4967-98C6-314E84261CAE}.Release|Any CPU.Build.0 = Release|x64
		{63E44463-C3AA-4967-98C6-314E84261CAE}.Release|x64.ActiveCfg = Release|x64
		{63E44463-C3AA-4967-98C6-314E84261CAE}.Release|x64.Build.0 = Release|x64
		{63E44463-C3AA-4967-98C6-314E84261CAE}.Release|x86.ActiveCfg = Release|Any CPU
		{63E44463-C3AA-4967-98C6-314E84261CAE}.Release|x86.Build.0 = Release|Any CPU
		{63E44463-C3AA-4967-98C6-314E84261CAE}.x63|Any CPU.ActiveCfg = Release|Any CPU
		{63E44463-C3AA-4967-98C6-314E84261CAE}.x63|Any CPU.Build.0 = Release|Any CPU
		{63E44463-C3AA-4967-98C6-314E84261CAE}.x63|x64.ActiveCfg = Debug|x64
		{63E44463-C3AA-4967-98C6-314E84261CAE}.x63|x64.Build.0 = Debug|x64
		{63E44463-C3AA-4967-98C6-314E84261CAE}.x63|x86.ActiveCfg = Debug|x86
		{63E44463-C3AA-4967-98C6-314E84261CAE}.x63|x86.Build.0 = Debug|x86
		{63E44463-C3AA-4967-98C6-314E84261CAE}.x64|Any CPU.ActiveCfg = Release|x64
		{63E44463-C3AA-4967-98C6-314E84261CAE}.x64|Any CPU.Build.0 = Release|x64
		{63E44463-C3AA-4967-98C6-314E84261CAE}.x64|x64.ActiveCfg = Debug|x64
		{63E44463-C3AA-4967-98C6-314E84261CAE}.x64|x64.Build.0 = Debug|x64
		{63E44463-C3AA-4967-98C6-314E84261CAE}.x64|x86.ActiveCfg = Debug|x86
		{63E44463-C3AA-4967-98C6-314E84261CAE}.x64|x86.Build.0 = Debug|x86
		{81C797BD-FDA2-4626-B915-AE71420A6C2E}.Debug|Any CPU.ActiveCfg = Debug
		{81C797BD-FDA2-4626-B915-AE71420A6C2E}.Debug|x64.ActiveCfg = Debug
		{81C797BD-FDA2-4626-B915-AE71420A6C2E}.Debug|x86.ActiveCfg = Debug
		{81C797BD-FDA2-4626-B915-AE71420A6C2E}.Release|Any CPU.ActiveCfg = Release
		{81C797BD-FDA2-4626-B915-AE71420A6C2E}.Release|x64.ActiveCfg = Release
		{81C797BD-FDA2-4626-B915-AE71420A6C2E}.Release|x86.ActiveCfg = Release
		{81C797BD-FDA2-4626-B915-AE71420A6C2E}.x63|Any CPU.ActiveCfg = Debug
		{81C797BD-FDA2-4626-B915-AE71420A6C2E}.x63|x64.ActiveCfg = Debug
		{81C797BD-FDA2-4626-B915-AE71420A6C2E}.x63|x86.ActiveCfg = Debug
		{81C797BD-FDA2-4626-B915-AE71420A6C2E}.x64|Any CPU.ActiveCfg = Debug
		{81C797BD-FDA2-4626-B915-AE71420A6C2E}.x64|x64.ActiveCfg = Debug
		{81C797BD-FDA2-4626-B915-AE71420A6C2E}.x64|x86.ActiveCfg = Debug
	EndGlobalSection
	GlobalSection(SolutionProperties) = preSolution
		HideSolutionNode = FALSE
	EndGlobalSection
	GlobalSection(ExtensibilityGlobals) = postSolution
		SolutionGuid = {888FB9CA-621B-4144-8E61-2AF68B666123}
	EndGlobalSection
EndGlobal
